
Microsoft Visual Studio Solution File, Format Version 11.00
# Visual C# Express 2010
Project("{FAE04EC0-301F-11D3-BF4B-00C04F79EFBC}") = "sample_0007", "sample_0007.csproj", "{B18225AB-3024-4FA3-AE41-86FBD6035A37}"
EndProject
Global
	GlobalSection(SolutionConfigurationPlatforms) = preSolution
		Debug|Any CPU = Debug|Any CPU
		Release|Any CPU = Release|Any CPU
	EndGlobalSection
	GlobalSection(ProjectConfigurationPlatforms) = postSolution
		{B18225AB-3024-4FA3-AE41-86FBD6035A37}.Debug|Any CPU.ActiveCfg = Debug|Any CPU
		{B18225AB-3024-4FA3-AE41-86FBD6035A37}.Debug|Any CPU.Build.0 = Debug|Any CPU
		{B18225AB-3024-4FA3-AE41-86FBD6035A37}.Release|Any CPU.ActiveCfg = Release|Any CPU
		{B18225AB-3024-4FA3-AE41-86FBD6035A37}.Release|Any CPU.Build.0 = Release|Any CPU
	EndGlobalSection
	GlobalSection(SolutionProperties) = preSolution
		HideSolutionNode = FALSE
	EndGlobalSection
EndGlobal
